
Microsoft Visual Studio Solution File, Format Version 12.00
Project("{FAE04EC0-301F-11D3-BF4B-00C04F79EFBC}") = "MedPulse", "MedPulse\MedPulse.csproj", "{543A2C34-C5A5-4E48-A1DB-8E9BCEAED0A2}"
EndProject
Project("{2150E333-8FDC-42A3-9474-1A3956D46DE8}") = "Solution Items", "Solution Items", "{46E30C3B-0DCC-4C1B-BCBC-1ADACCD4BDAC}"
	ProjectSection(SolutionItems) = preProject
		compose.yaml = compose.yaml
	EndProjectSection
EndProject
Global
	GlobalSection(SolutionConfigurationPlatforms) = preSolution
		Debug|Any CPU = Debug|Any CPU
		Release|Any CPU = Release|Any CPU
	EndGlobalSection
	GlobalSection(ProjectConfigurationPlatforms) = postSolution
		{543A2C34-C5A5-4E48-A1DB-8E9BCEAED0A2}.Debug|Any CPU.ActiveCfg = Debug|Any CPU
		{543A2C34-C5A5-4E48-A1DB-8E9BCEAED0A2}.Debug|Any CPU.Build.0 = Debug|Any CPU
		{543A2C34-C5A5-4E48-A1DB-8E9BCEAED0A2}.Release|Any CPU.ActiveCfg = Release|Any CPU
		{543A2C34-C5A5-4E48-A1DB-8E9BCEAED0A2}.Release|Any CPU.Build.0 = Release|Any CPU
	EndGlobalSection
EndGlobal
